// !$*UTF8*$!
{
	archiveVersion = 1;
	classes = {
	};
	objectVersion = 48;
	objects = {

/* Begin PBXBuildFile section */
		8954C92C230E9D87004E0B5F /* AppDelegate.swift in Sources */ = {isa = PBXBuildFile; fileRef = 8954C92B230E9D87004E0B5F /* AppDelegate.swift */; };
		8954C92E230E9D87004E0B5F /* LoginViewController.swift in Sources */ = {isa = PBXBuildFile; fileRef = 8954C92D230E9D87004E0B5F /* LoginViewController.swift */; };
		8954C931230E9D87004E0B5F /* Main.storyboard in Resources */ = {isa = PBXBuildFile; fileRef = 8954C92F230E9D87004E0B5F /* Main.storyboard */; };
		8954C933230E9D87004E0B5F /* Assets.xcassets in Resources */ = {isa = PBXBuildFile; fileRef = 8954C932230E9D87004E0B5F /* Assets.xcassets */; };
		8954C936230E9D87004E0B5F /* LaunchScreen.storyboard in Resources */ = {isa = PBXBuildFile; fileRef = 8954C934230E9D87004E0B5F /* LaunchScreen.storyboard */; };
		8954C93E230EB6C1004E0B5F /* TermsAndConditionsVC.swift in Sources */ = {isa = PBXBuildFile; fileRef = 8954C93D230EB6C1004E0B5F /* TermsAndConditionsVC.swift */; };
		8954C947230EFA73004E0B5F /* RegisterViewController.swift in Sources */ = {isa = PBXBuildFile; fileRef = 8954C945230EFA73004E0B5F /* RegisterViewController.swift */; };
		8954C948230EFA73004E0B5F /* RegisterViewController.xib in Resources */ = {isa = PBXBuildFile; fileRef = 8954C946230EFA73004E0B5F /* RegisterViewController.xib */; };
		89D1D5FF230F163C00229204 /* AppConstants.swift in Sources */ = {isa = PBXBuildFile; fileRef = 89D1D5FE230F163C00229204 /* AppConstants.swift */; };
		89D1D601230F37A100229204 /* Extensions.swift in Sources */ = {isa = PBXBuildFile; fileRef = 89D1D600230F37A100229204 /* Extensions.swift */; };
/* End PBXBuildFile section */

/* Begin PBXFileReference section */
		8954C928230E9D87004E0B5F /* LoginApplication.app */ = {isa = PBXFileReference; explicitFileType = wrapper.application; includeInIndex = 0; path = LoginApplication.app; sourceTree = BUILT_PRODUCTS_DIR; };
		8954C92B230E9D87004E0B5F /* AppDelegate.swift */ = {isa = PBXFileReference; lastKnownFileType = sourcecode.swift; path = AppDelegate.swift; sourceTree = "<group>"; };
		8954C92D230E9D87004E0B5F /* LoginViewController.swift */ = {isa = PBXFileReference; lastKnownFileType = sourcecode.swift; path = LoginViewController.swift; sourceTree = "<group>"; };
		8954C930230E9D87004E0B5F /* Base */ = {isa = PBXFileReference; lastKnownFileType = file.storyboard; name = Base; path = Base.lproj/Main.storyboard; sourceTree = "<group>"; };
		8954C932230E9D87004E0B5F /* Assets.xcassets */ = {isa = PBXFileReference; lastKnownFileType = folder.assetcatalog; path = Assets.xcassets; sourceTree = "<group>"; };
		8954C935230E9D87004E0B5F /* Base */ = {isa = PBXFileReference; lastKnownFileType = file.storyboard; name = Base; path = Base.lproj/LaunchScreen.storyboard; sourceTree = "<group>"; };
		8954C937230E9D87004E0B5F /* Info.plist */ = {isa = PBXFileReference; lastKnownFileType = text.plist.xml; path = Info.plist; sourceTree = "<group>"; };
		8954C93D230EB6C1004E0B5F /* TermsAndConditionsVC.swift */ = {isa = PBXFileReference; lastKnownFileType = sourcecode.swift; path = TermsAndConditionsVC.swift; sourceTree = "<group>"; };
		8954C945230EFA73004E0B5F /* RegisterViewController.swift */ = {isa = PBXFileReference; lastKnownFileType = sourcecode.swift; path = RegisterViewController.swift; sourceTree = "<group>"; };
		8954C946230EFA73004E0B5F /* RegisterViewController.xib */ = {isa = PBXFileReference; lastKnownFileType = file.xib; path = RegisterViewController.xib; sourceTree = "<group>"; };
		89D1D5FE230F163C00229204 /* AppConstants.swift */ = {isa = PBXFileReference; lastKnownFileType = sourcecode.swift; path = AppConstants.swift; sourceTree = "<group>"; };
		89D1D600230F37A100229204 /* Extensions.swift */ = {isa = PBXFileReference; lastKnownFileType = sourcecode.swift; path = Extensions.swift; sourceTree = "<group>"; };
/* End PBXFileReference section */

/* Begin PBXFrameworksBuildPhase section */
		8954C925230E9D87004E0B5F /* Frameworks */ = {
			isa = PBXFrameworksBuildPhase;
			buildActionMask = 2147483647;
			files = (
			);
			runOnlyForDeploymentPostprocessing = 0;
		};
/* End PBXFrameworksBuildPhase section */

/* Begin PBXGroup section */
		8954C91F230E9D87004E0B5F = {
			isa = PBXGroup;
			children = (
				8954C92A230E9D87004E0B5F /* LoginApplication */,
				8954C929230E9D87004E0B5F /* Products */,
			);
			sourceTree = "<group>";
		};
		8954C929230E9D87004E0B5F /* Products */ = {
			isa = PBXGroup;
			children = (
				8954C928230E9D87004E0B5F /* LoginApplication.app */,
			);
			name = Products;
			sourceTree = "<group>";
		};
		8954C92A230E9D87004E0B5F /* LoginApplication */ = {
			isa = PBXGroup;
			children = (
				8954C92B230E9D87004E0B5F /* AppDelegate.swift */,
				8954C92D230E9D87004E0B5F /* LoginViewController.swift */,
				8954C92F230E9D87004E0B5F /* Main.storyboard */,
				8954C932230E9D87004E0B5F /* Assets.xcassets */,
				8954C934230E9D87004E0B5F /* LaunchScreen.storyboard */,
				8954C937230E9D87004E0B5F /* Info.plist */,
				8954C93D230EB6C1004E0B5F /* TermsAndConditionsVC.swift */,
				8954C945230EFA73004E0B5F /* RegisterViewController.swift */,
				8954C946230EFA73004E0B5F /* RegisterViewController.xib */,
				89D1D5FE230F163C00229204 /* AppConstants.swift */,
				89D1D600230F37A100229204 /* Extensions.swift */,
			);
			path = LoginApplication;
			sourceTree = "<group>";
		};
/* End PBXGroup section */

/* Begin PBXNativeTarget section */
		8954C927230E9D87004E0B5F /* LoginApplication */ = {
			isa = PBXNativeTarget;
			buildConfigurationList = 8954C93A230E9D87004E0B5F /* Build configuration list for PBXNativeTarget "LoginApplication" */;
			buildPhases = (
				8954C924230E9D87004E0B5F /* Sources */,
				8954C925230E9D87004E0B5F /* Frameworks */,
				8954C926230E9D87004E0B5F /* Resources */,
			);
			buildRules = (
			);
			dependencies = (
			);
			name = LoginApplication;
			productName = LoginApplication;
			productReference = 8954C928230E9D87004E0B5F /* LoginApplication.app */;
			productType = "com.apple.product-type.application";
		};
/* End PBXNativeTarget section */

/* Begin PBXProject section */
		8954C920230E9D87004E0B5F /* Project object */ = {
			isa = PBXProject;
			attributes = {
				LastSwiftUpdateCheck = 0920;
				LastUpgradeCheck = 0920;
				ORGANIZATIONNAME = "Pramod Reddy Nomula";
				TargetAttributes = {
					8954C927230E9D87004E0B5F = {
						CreatedOnToolsVersion = 9.2;
						ProvisioningStyle = Automatic;
					};
				};
			};
			buildConfigurationList = 8954C923230E9D87004E0B5F /* Build configuration list for PBXProject "LoginApplication" */;
			compatibilityVersion = "Xcode 8.0";
			developmentRegion = en;
			hasScannedForEncodings = 0;
			knownRegions = (
				en,
				Base,
			);
			mainGroup = 8954C91F230E9D87004E0B5F;
			productRefGroup = 8954C929230E9D87004E0B5F /* Products */;
			projectDirPath = "";
			projectRoot = "";
			targets = (
				8954C927230E9D87004E0B5F /* LoginApplication */,
			);
		};
/* End PBXProject section */

/* Begin PBXResourcesBuildPhase section */
		8954C926230E9D87004E0B5F /* Resources */ = {
			isa = PBXResourcesBuildPhase;
			buildActionMask = 2147483647;
			files = (
				8954C936230E9D87004E0B5F /* LaunchScreen.storyboard in Resources */,
				8954C933230E9D87004E0B5F /* Assets.xcassets in Resources */,
				8954C931230E9D87004E0B5F /* Main.storyboard in Resources */,
				8954C948230EFA73004E0B5F /* RegisterViewController.xib in Resources */,
			);
			runOnlyForDeploymentPostprocessing = 0;
		};
/* End PBXResourcesBuildPhase section */

/* Begin PBXSourcesBuildPhase section */
		8954C924230E9D87004E0B5F /* Sources */ = {
			isa = PBXSourcesBuildPhase;
			buildActionMask = 2147483647;
			files = (
				8954C93E230EB6C1004E0B5F /* TermsAndConditionsVC.swift in Sources */,
				89D1D601230F37A100229204 /* Extensions.swift in Sources */,
				8954C92E230E9D87004E0B5F /* LoginViewController.swift in Sources */,
				8954C92C230E9D87004E0B5F /* AppDelegate.swift in Sources */,
				8954C947230EFA73004E0B5F /* RegisterViewController.swift in Sources */,
				89D1D5FF230F163C00229204 /* AppConstants.swift in Sources */,
			);
			runOnlyForDeploymentPostprocessing = 0;
		};
/* End PBXSourcesBuildPhase section */

/* Begin PBXVariantGroup section */
		8954C92F230E9D87004E0B5F /* Main.storyboard */ = {
			isa = PBXVariantGroup;
			children = (
				8954C930230E9D87004E0B5F /* Base */,
			);
			name = Main.storyboard;
			sourceTree = "<group>";
		};
		8954C934230E9D87004E0B5F /* LaunchScreen.storyboard */ = {
			isa = PBXVariantGroup;
			children = (
				8954C935230E9D87004E0B5F /* Base */,
			);
			name = LaunchScreen.storyboard;
			sourceTree = "<group>";
		};
/* End PBXVariantGroup section */

/* Begin XCBuildConfiguration section */
		8954C938230E9D87004E0B5F /* Debug */ = {
			isa = XCBuildConfiguration;
			buildSettings = {
				ALWAYS_SEARCH_USER_PATHS = NO;
				CLANG_ANALYZER_NONNULL = YES;
				CLANG_ANALYZER_NUMBER_OBJECT_CONVERSION = YES_AGGRESSIVE;
				CLANG_CXX_LANGUAGE_STANDARD = "gnu++14";
				CLANG_CXX_LIBRARY = "libc++";
				CLANG_ENABLE_MODULES = YES;
				CLANG_ENABLE_OBJC_ARC = YES;
				CLANG_WARN_BLOCK_CAPTURE_AUTORELEASING = YES;
				CLANG_WARN_BOOL_CONVERSION = YES;
				CLANG_WARN_COMMA = YES;
				CLANG_WARN_CONSTANT_CONVERSION = YES;
				CLANG_WARN_DIRECT_OBJC_ISA_USAGE = YES_ERROR;
				CLANG_WARN_DOCUMENTATION_COMMENTS = YES;
				CLANG_WARN_EMPTY_BODY = YES;
				CLANG_WARN_ENUM_CONVERSION = YES;
				CLANG_WARN_INFINITE_RECURSION = YES;
				CLANG_WARN_INT_CONVERSION = YES;
				CLANG_WARN_NON_LITERAL_NULL_CONVERSION = YES;
				CLANG_WARN_OBJC_LITERAL_CONVERSION = YES;
				CLANG_WARN_OBJC_ROOT_CLASS = YES_ERROR;
				CLANG_WARN_RANGE_LOOP_ANALYSIS = YES;
				CLANG_WARN_STRICT_PROTOTYPES = YES;
				CLANG_WARN_SUSPICIOUS_MOVE = YES;
				CLANG_WARN_UNGUARDED_AVAILABILITY = YES_AGGRESSIVE;
				CLANG_WARN_UNREACHABLE_CODE = YES;
				CLANG_WARN__DUPLICATE_METHOD_MATCH = YES;
				CODE_SIGN_IDENTITY = "iPhone Developer";
				COPY_PHASE_STRIP = NO;
				DEBUG_INFORMATION_FORMAT = dwarf;
				ENABLE_STRICT_OBJC_MSGSEND = YES;
				ENABLE_TESTABILITY = YES;
				GCC_C_LANGUAGE_STANDARD = gnu11;
				GCC_DYNAMIC_NO_PIC = NO;
				GCC_NO_COMMON_BLOCKS = YES;
				GCC_OPTIMIZATION_LEVEL = 0;
				GCC_PREPROCESSOR_DEFINITIONS = (
					"DEBUG=1",
					"$(inherited)",
				);
				GCC_WARN_64_TO_32_BIT_CONVERSION = YES;
				GCC_WARN_ABOUT_RETURN_TYPE = YES_ERROR;
				GCC_WARN_UNDECLARED_SELECTOR = YES;
				GCC_WARN_UNINITIALIZED_AUTOS = YES_AGGRESSIVE;
				GCC_WARN_UNUSED_FUNCTION = YES;
				GCC_WARN_UNUSED_VARIABLE = YES;
				IPHONEOS_DEPLOYMENT_TARGET = 11.2;
				MTL_ENABLE_DEBUG_INFO = YES;
				ONLY_ACTIVE_ARCH = YES;
				SDKROOT = iphoneos;
				SWIFT_ACTIVE_COMPILATION_CONDITIONS = DEBUG;
				SWIFT_OPTIMIZATION_LEVEL = "-Onone";
			};
			name = Debug;
		};
		8954C939230E9D87004E0B5F /* Release */ = {
			isa = XCBuildConfiguration;
			buildSettings = {
				ALWAYS_SEARCH_USER_PATHS = NO;
				CLANG_ANALYZER_NONNULL = YES;
				CLANG_ANALYZER_NUMBER_OBJECT_CONVERSION = YES_AGGRESSIVE;
				CLANG_CXX_LANGUAGE_STANDARD = "gnu++14";
				CLANG_CXX_LIBRARY = "libc++";
				CLANG_ENABLE_MODULES = YES;
				CLANG_ENABLE_OBJC_ARC = YES;
				CLANG_WARN_BLOCK_CAPTURE_AUTORELEASING = YES;
				CLANG_WARN_BOOL_CONVERSION = YES;
				CLANG_WARN_COMMA = YES;
				CLANG_WARN_CONSTANT_CONVERSION = YES;
				CLANG_WARN_DIRECT_OBJC_ISA_USAGE = YES_ERROR;
				CLANG_WARN_DOCUMENTATION_COMMENTS = YES;
				CLANG_WARN_EMPTY_BODY = YES;
				CLANG_WARN_ENUM_CONVERSION = YES;
				CLANG_WARN_INFINITE_RECURSION = YES;
				CLANG_WARN_INT_CONVERSION = YES;
				CLANG_WARN_NON_LITERAL_NULL_CONVERSION = YES;
				CLANG_WARN_OBJC_LITERAL_CONVERSION = YES;
				CLANG_WARN_OBJC_ROOT_CLASS = YES_ERROR;
				CLANG_WARN_RANGE_LOOP_ANALYSIS = YES;
				CLANG_WARN_STRICT_PROTOTYPES = YES;
				CLANG_WARN_SUSPICIOUS_MOVE = YES;
				CLANG_WARN_UNGUARDED_AVAILABILITY = YES_AGGRESSIVE;
				CLANG_WARN_UNREACHABLE_CODE = YES;
				CLANG_WARN__DUPLICATE_METHOD_MATCH = YES;
				CODE_SIGN_IDENTITY = "iPhone Developer";
				COPY_PHASE_STRIP = NO;
				DEBUG_INFORMATION_FORMAT = "dwarf-with-dsym";
				ENABLE_NS_ASSERTIONS = NO;
				ENABLE_STRICT_OBJC_MSGSEND = YES;
				GCC_C_LANGUAGE_STANDARD = gnu11;
				GCC_NO_COMMON_BLOCKS = YES;
				GCC_WARN_64_TO_32_BIT_CONVERSION = YES;
				GCC_WARN_ABOUT_RETURN_TYPE = YES_ERROR;
				GCC_WARN_UNDECLARED_SELECTOR = YES;
				GCC_WARN_UNINITIALIZED_AUTOS = YES_AGGRESSIVE;
				GCC_WARN_UNUSED_FUNCTION = YES;
				GCC_WARN_UNUSED_VARIABLE = YES;
				IPHONEOS_DEPLOYMENT_TARGET = 11.2;
				MTL_ENABLE_DEBUG_INFO = NO;
				SDKROOT = iphoneos;
				SWIFT_OPTIMIZATION_LEVEL = "-Owholemodule";
				VALIDATE_PRODUCT = YES;
			};
			name = Release;
		};
		8954C93B230E9D87004E0B5F /* Debug */ = {
			isa = XCBuildConfiguration;
			buildSettings = {
				ASSETCATALOG_COMPILER_APPICON_NAME = AppIcon;
				CODE_SIGN_STYLE = Automatic;
				INFOPLIST_FILE = LoginApplication/Info.plist;
				LD_RUNPATH_SEARCH_PATHS = "$(inherited) @executable_path/Frameworks";
				PRODUCT_BUNDLE_IDENTIFIER = com.Troyplus.LoginApplication;
				PRODUCT_NAME = "$(TARGET_NAME)";
				SWIFT_VERSION = 4.0;
				TARGETED_DEVICE_FAMILY = "1,2";
			};
			name = Debug;
		};
		8954C93C230E9D87004E0B5F /* Release */ = {
			isa = XCBuildConfiguration;
			buildSettings = {
				ASSETCATALOG_COMPILER_APPICON_NAME = AppIcon;
				CODE_SIGN_STYLE = Automatic;
				INFOPLIST_FILE = LoginApplication/Info.plist;
				LD_RUNPATH_SEARCH_PATHS = "$(inherited) @executable_path/Frameworks";
				PRODUCT_BUNDLE_IDENTIFIER = com.Troyplus.LoginApplication;
				PRODUCT_NAME = "$(TARGET_NAME)";
				SWIFT_VERSION = 4.0;
				TARGETED_DEVICE_FAMILY = "1,2";
			};
			name = Release;
		};
/* End XCBuildConfiguration section */

/* Begin XCConfigurationList section */
		8954C923230E9D87004E0B5F /* Build configuration list for PBXProject "LoginApplication" */ = {
			isa = XCConfigurationList;
			buildConfigurations = (
				8954C938230E9D87004E0B5F /* Debug */,
				8954C939230E9D87004E0B5F /* Release */,
			);
			defaultConfigurationIsVisible = 0;
			defaultConfigurationName = Release;
		};
		8954C93A230E9D87004E0B5F /* Build configuration list for PBXNativeTarget "LoginApplication" */ = {
			isa = XCConfigurationList;
			buildConfigurations = (
				8954C93B230E9D87004E0B5F /* Debug */,
				8954C93C230E9D87004E0B5F /* Release */,
			);
			defaultConfigurationIsVisible = 0;
			defaultConfigurationName = Release;
		};
/* End XCConfigurationList section */
	};
	rootObject = 8954C920230E9D87004E0B5F /* Project object */;
}
